<?xml version="1.0" encoding="utf-8"?>
<Project ToolsVersion="4.0" xmlns="http://schemas.microsoft.com/developer/msbuild/2003">
  <ItemGroup>
    <Filter Include="Source Files">
      <UniqueIdentifier>{4FC737F1-C7A5-4376-A066-2A32D752A2FF}</UniqueIdentifier>
      <Extensions>cpp;c;cc;cxx;def;odl;idl;hpj;bat;asm;asmx</Extensions>
    </Filter>
    <Filter Include="Source Files\Engine">
      <UniqueIdentifier>{ccdbdf11-c381-4f92-bf67-ba05fce45ca0}</UniqueIdentifier>
    </Filter>
    <Filter Include="Source Files\Engine\Public">
      <UniqueIdentifier>{75c2830e-ea9b-4f39-a9f0-30582628d811}</UniqueIdentifier>
    </Filter>
    <Filter Include="Source Files\Game">
      <UniqueIdentifier>{3f73a39c-59f6-4cb6-a0b8-d251275c643c}</UniqueIdentifier>
    </Filter>
    <Filter Include="Source Files\Game\Public">
      <UniqueIdentifier>{6dcd4022-feb1-45d9-a4a5-3b9cee46ecd8}</UniqueIdentifier>
    </Filter>
    <Filter Include="Source Files\Game\Private">
      <UniqueIdentifier>{9e4c503e-26a9-484b-be5c-d94f35576fc3}</UniqueIdentifier>
    </Filter>
  </ItemGroup>
  <ItemGroup>
    <ClInclude Include="Engine\Public\EngineInterface.h">
      <Filter>Source Files\Engine\Public</Filter>
    </ClInclude>
    <ClInclude Include="Engine\Public\EngineTypes.h">
      <Filter>Source Files\Engine\Public</Filter>
    </ClInclude>
    <ClInclude Include="Game\Public\GameInterface.h">
      <Filter>Source Files\Game\Public</Filter>
    </ClInclude>
    <ClInclude Include="Engine\Public\SDL.h">
      <Filter>Source Files\Engine\Public</Filter>
    </ClInclude>
    <ClInclude Include="GameObjectManager.h">
      <Filter>Source Files\Game</Filter>
    </ClInclude>
    <ClInclude Include="Component.h">
      <Filter>Source Files\Game\Public</Filter>
    </ClInclude>
    <ClInclude Include="CoreMinimal.h">
      <Filter>Source Files\Game\Public</Filter>
    </ClInclude>
    <ClInclude Include="GameObject.h">
      <Filter>Source Files\Game\Public</Filter>
    </ClInclude>
    <ClInclude Include="RenderComponent.h">
      <Filter>Source Files\Game\Public</Filter>
    </ClInclude>
    <ClInclude Include="Transform.h">
      <Filter>Source Files\Game\Public</Filter>
    </ClInclude>
    <ClInclude Include="RenderingEngine.h" />
    <ClInclude Include="CircleRenderComponent.h" />
    <ClInclude Include="SquareRenderComponent.h" />
    <ClInclude Include="PhysicsComponent.h" />
    <ClInclude Include="PhysicsEngine.h" />
    <ClInclude Include="MouseTrackingComponent.h" />
    <ClInclude Include="State.h" />
    <ClInclude Include="StateMachineComponent.h" />
    <ClInclude Include="Ball.h" />
    <ClInclude Include="Bullet.h" />
    <ClInclude Include="HomingComponent.h" />
    <ClInclude Include="Random.h" />
    <ClInclude Include="CollisionDetector.h" />
    <ClInclude Include="SrujanGavinRandom.h" />
    <ClInclude Include="Explosion.h" />
  </ItemGroup>
  <ItemGroup>
    <ClCompile Include="Game\Private\Main.cpp">
      <Filter>Source Files\Game\Private</Filter>
    </ClCompile>
    <ClCompile Include="Game\Private\Game.cpp">
      <Filter>Source Files\Game\Private</Filter>
    </ClCompile>
    <ClCompile Include="GameObjectManager.cpp">
      <Filter>Source Files\Game</Filter>
    </ClCompile>
    <ClCompile Include="Component.cpp">
      <Filter>Source Files\Game\Public</Filter>
    </ClCompile>
    <ClCompile Include="GameObject.cpp">
      <Filter>Source Files\Game\Public</Filter>
    </ClCompile>
    <ClCompile Include="RenderComponent.cpp">
      <Filter>Source Files\Game\Public</Filter>
    </ClCompile>
    <ClCompile Include="Transform.cpp">
      <Filter>Source Files\Game\Public</Filter>
    </ClCompile>
    <ClCompile Include="RenderingEngine.cpp">
      <Filter>Source Files</Filter>
    </ClCompile>
    <ClCompile Include="CircleRenderComponent.cpp">
      <Filter>Source Files</Filter>
    </ClCompile>
    <ClCompile Include="SquareRenderComponent.cpp">
      <Filter>Source Files</Filter>
    </ClCompile>
    <ClCompile Include="PhysicsComponent.cpp">
      <Filter>Source Files</Filter>
    </ClCompile>
    <ClCompile Include="PhysicsEngine.cpp">
      <Filter>Source Files</Filter>
    </ClCompile>
    <ClCompile Include="MouseTrackingComponent.cpp">
      <Filter>Source Files</Filter>
    </ClCompile>
    <ClCompile Include="State.cpp">
      <Filter>Source Files</Filter>
    </ClCompile>
    <ClCompile Include="StateMachineComponent.cpp">
      <Filter>Source Files</Filter>
    </ClCompile>
    <ClCompile Include="Ball.cpp">
      <Filter>Source Files</Filter>
    </ClCompile>
    <ClCompile Include="Bullet.cpp">
      <Filter>Source Files</Filter>
    </ClCompile>
    <ClCompile Include="HomingComponent.cpp">
      <Filter>Source Files</Filter>
    </ClCompile>
    <ClCompile Include="Random.cpp">
      <Filter>Source Files</Filter>
    </ClCompile>
    <ClCompile Include="CollisionDetector.cpp">
      <Filter>Source Files</Filter>
    </ClCompile>
    <ClCompile Include="SrujanGavinRandom.cpp">
      <Filter>Source Files</Filter>
    </ClCompile>
    <ClCompile Include="Explosion.cpp">
      <Filter>Source Files</Filter>
    </ClCompile>
  </ItemGroup>
</Project>